
Microsoft Visual Studio Solution File, Format Version 12.00
# Visual Studio 2012
Project("{FAE04EC0-301F-11D3-BF4B-00C04F79EFBC}") = "PracticandoExcepciones", "PracticandoExcepciones\PracticandoExcepciones.csproj", "{30DBDBE4-1684-43AA-8761-7D97F9544319}"
EndProject
Project("{FAE04EC0-301F-11D3-BF4B-00C04F79EFBC}") = "Excepciones", "Excepciones\Excepciones.csproj", "{2C4D3E27-B916-4572-8678-2C721B46FE47}"
EndProject
Project("{FAE04EC0-301F-11D3-BF4B-00C04F79EFBC}") = "Entidades", "Entidades\Entidades.csproj", "{A57CAA14-FAFF-45A4-84D2-41FFC7587EE5}"
EndProject
Global
	GlobalSection(SolutionConfigurationPlatforms) = preSolution
		Debug|Any CPU = Debug|Any CPU
		Release|Any CPU = Release|Any CPU
	EndGlobalSection
	GlobalSection(ProjectConfigurationPlatforms) = postSolution
		{30DBDBE4-1684-43AA-8761-7D97F9544319}.Debug|Any CPU.ActiveCfg = Debug|Any CPU
		{30DBDBE4-1684-43AA-8761-7D97F9544319}.Debug|Any CPU.Build.0 = Debug|Any CPU
		{30DBDBE4-1684-43AA-8761-7D97F9544319}.Release|Any CPU.ActiveCfg = Release|Any CPU
		{30DBDBE4-1684-43AA-8761-7D97F9544319}.Release|Any CPU.Build.0 = Release|Any CPU
		{2C4D3E27-B916-4572-8678-2C721B46FE47}.Debug|Any CPU.ActiveCfg = Debug|Any CPU
		{2C4D3E27-B916-4572-8678-2C721B46FE47}.Debug|Any CPU.Build.0 = Debug|Any CPU
		{2C4D3E27-B916-4572-8678-2C721B46FE47}.Release|Any CPU.ActiveCfg = Release|Any CPU
		{2C4D3E27-B916-4572-8678-2C721B46FE47}.Release|Any CPU.Build.0 = Release|Any CPU
		{A57CAA14-FAFF-45A4-84D2-41FFC7587EE5}.Debug|Any CPU.ActiveCfg = Debug|Any CPU
		{A57CAA14-FAFF-45A4-84D2-41FFC7587EE5}.Debug|Any CPU.Build.0 = Debug|Any CPU
		{A57CAA14-FAFF-45A4-84D2-41FFC7587EE5}.Release|Any CPU.ActiveCfg = Release|Any CPU
		{A57CAA14-FAFF-45A4-84D2-41FFC7587EE5}.Release|Any CPU.Build.0 = Release|Any CPU
	EndGlobalSection
	GlobalSection(SolutionProperties) = preSolution
		HideSolutionNode = FALSE
	EndGlobalSection
EndGlobal
