
Microsoft Visual Studio Solution File, Format Version 12.00
# Visual Studio 2012
Project("{FAE04EC0-301F-11D3-BF4B-00C04F79EFBC}") = "Archivos_Program", "Archivos_Program\Archivos_Program.csproj", "{8AA23939-AD79-470B-B0B5-673555474D59}"
EndProject
Project("{FAE04EC0-301F-11D3-BF4B-00C04F79EFBC}") = "EntidadesDeArchivos", "EntidadesDeArchivos\EntidadesDeArchivos.csproj", "{F5CA45C5-9B96-40EF-B2C6-DEC13B078C14}"
EndProject
Project("{FAE04EC0-301F-11D3-BF4B-00C04F79EFBC}") = "Entidades", "Entidades\Entidades.csproj", "{D21DA101-5B47-40F0-9004-A799B3C1796D}"
EndProject
Global
	GlobalSection(SolutionConfigurationPlatforms) = preSolution
		Debug|Any CPU = Debug|Any CPU
		Release|Any CPU = Release|Any CPU
	EndGlobalSection
	GlobalSection(ProjectConfigurationPlatforms) = postSolution
		{8AA23939-AD79-470B-B0B5-673555474D59}.Debug|Any CPU.ActiveCfg = Debug|Any CPU
		{8AA23939-AD79-470B-B0B5-673555474D59}.Debug|Any CPU.Build.0 = Debug|Any CPU
		{8AA23939-AD79-470B-B0B5-673555474D59}.Release|Any CPU.ActiveCfg = Release|Any CPU
		{8AA23939-AD79-470B-B0B5-673555474D59}.Release|Any CPU.Build.0 = Release|Any CPU
		{F5CA45C5-9B96-40EF-B2C6-DEC13B078C14}.Debug|Any CPU.ActiveCfg = Debug|Any CPU
		{F5CA45C5-9B96-40EF-B2C6-DEC13B078C14}.Debug|Any CPU.Build.0 = Debug|Any CPU
		{F5CA45C5-9B96-40EF-B2C6-DEC13B078C14}.Release|Any CPU.ActiveCfg = Release|Any CPU
		{F5CA45C5-9B96-40EF-B2C6-DEC13B078C14}.Release|Any CPU.Build.0 = Release|Any CPU
		{D21DA101-5B47-40F0-9004-A799B3C1796D}.Debug|Any CPU.ActiveCfg = Debug|Any CPU
		{D21DA101-5B47-40F0-9004-A799B3C1796D}.Debug|Any CPU.Build.0 = Debug|Any CPU
		{D21DA101-5B47-40F0-9004-A799B3C1796D}.Release|Any CPU.ActiveCfg = Release|Any CPU
		{D21DA101-5B47-40F0-9004-A799B3C1796D}.Release|Any CPU.Build.0 = Release|Any CPU
	EndGlobalSection
	GlobalSection(SolutionProperties) = preSolution
		HideSolutionNode = FALSE
	EndGlobalSection
EndGlobal
