
Microsoft Visual Studio Solution File, Format Version 12.00
# Visual Studio 2012
Project("{FAE04EC0-301F-11D3-BF4B-00C04F79EFBC}") = "SinHerencias", "SinHerencias\SinHerencias.csproj", "{6BD7C15A-20F4-4797-9C9E-451A427ED47D}"
EndProject
Project("{FAE04EC0-301F-11D3-BF4B-00C04F79EFBC}") = "ConsoleApplication1", "ConsoleApplication1\ConsoleApplication1.csproj", "{5ACE78B7-A6C7-45DC-AA58-FEC0F040E60D}"
EndProject
Project("{FAE04EC0-301F-11D3-BF4B-00C04F79EFBC}") = "Herenciado", "Herenciado\Herenciado.csproj", "{2A3E5C45-5A91-483D-95AD-AECC6F5A0B1D}"
EndProject
Project("{FAE04EC0-301F-11D3-BF4B-00C04F79EFBC}") = "ConClasesAbstractas", "ConClasesAbstractas\ConClasesAbstractas.csproj", "{BFAAADA4-CB44-4BAE-9D5C-90458327673D}"
EndProject
Project("{FAE04EC0-301F-11D3-BF4B-00C04F79EFBC}") = "EjemploConAbstraccion", "EjemploConAbstraccion\EjemploConAbstraccion.csproj", "{41F75ADD-0658-42E1-B8D1-C570D08A8E8A}"
EndProject
Project("{FAE04EC0-301F-11D3-BF4B-00C04F79EFBC}") = "Parcial", "Parcial\Parcial.csproj", "{16F176B5-7F22-4B2D-9CA1-89585A8DC367}"
EndProject
Project("{FAE04EC0-301F-11D3-BF4B-00C04F79EFBC}") = "RepasDeAbstractas", "RepasDeAbstractas\RepasDeAbstractas.csproj", "{0C4B122D-4A88-4180-BACC-DA1708C782EA}"
EndProject
Global
	GlobalSection(SolutionConfigurationPlatforms) = preSolution
		Debug|Any CPU = Debug|Any CPU
		Release|Any CPU = Release|Any CPU
	EndGlobalSection
	GlobalSection(ProjectConfigurationPlatforms) = postSolution
		{6BD7C15A-20F4-4797-9C9E-451A427ED47D}.Debug|Any CPU.ActiveCfg = Debug|Any CPU
		{6BD7C15A-20F4-4797-9C9E-451A427ED47D}.Debug|Any CPU.Build.0 = Debug|Any CPU
		{6BD7C15A-20F4-4797-9C9E-451A427ED47D}.Release|Any CPU.ActiveCfg = Release|Any CPU
		{6BD7C15A-20F4-4797-9C9E-451A427ED47D}.Release|Any CPU.Build.0 = Release|Any CPU
		{5ACE78B7-A6C7-45DC-AA58-FEC0F040E60D}.Debug|Any CPU.ActiveCfg = Debug|Any CPU
		{5ACE78B7-A6C7-45DC-AA58-FEC0F040E60D}.Debug|Any CPU.Build.0 = Debug|Any CPU
		{5ACE78B7-A6C7-45DC-AA58-FEC0F040E60D}.Release|Any CPU.ActiveCfg = Release|Any CPU
		{5ACE78B7-A6C7-45DC-AA58-FEC0F040E60D}.Release|Any CPU.Build.0 = Release|Any CPU
		{2A3E5C45-5A91-483D-95AD-AECC6F5A0B1D}.Debug|Any CPU.ActiveCfg = Debug|Any CPU
		{2A3E5C45-5A91-483D-95AD-AECC6F5A0B1D}.Debug|Any CPU.Build.0 = Debug|Any CPU
		{2A3E5C45-5A91-483D-95AD-AECC6F5A0B1D}.Release|Any CPU.ActiveCfg = Release|Any CPU
		{2A3E5C45-5A91-483D-95AD-AECC6F5A0B1D}.Release|Any CPU.Build.0 = Release|Any CPU
		{BFAAADA4-CB44-4BAE-9D5C-90458327673D}.Debug|Any CPU.ActiveCfg = Debug|Any CPU
		{BFAAADA4-CB44-4BAE-9D5C-90458327673D}.Debug|Any CPU.Build.0 = Debug|Any CPU
		{BFAAADA4-CB44-4BAE-9D5C-90458327673D}.Release|Any CPU.ActiveCfg = Release|Any CPU
		{BFAAADA4-CB44-4BAE-9D5C-90458327673D}.Release|Any CPU.Build.0 = Release|Any CPU
		{41F75ADD-0658-42E1-B8D1-C570D08A8E8A}.Debug|Any CPU.ActiveCfg = Debug|Any CPU
		{41F75ADD-0658-42E1-B8D1-C570D08A8E8A}.Debug|Any CPU.Build.0 = Debug|Any CPU
		{41F75ADD-0658-42E1-B8D1-C570D08A8E8A}.Release|Any CPU.ActiveCfg = Release|Any CPU
		{41F75ADD-0658-42E1-B8D1-C570D08A8E8A}.Release|Any CPU.Build.0 = Release|Any CPU
		{16F176B5-7F22-4B2D-9CA1-89585A8DC367}.Debug|Any CPU.ActiveCfg = Debug|Any CPU
		{16F176B5-7F22-4B2D-9CA1-89585A8DC367}.Debug|Any CPU.Build.0 = Debug|Any CPU
		{16F176B5-7F22-4B2D-9CA1-89585A8DC367}.Release|Any CPU.ActiveCfg = Release|Any CPU
		{16F176B5-7F22-4B2D-9CA1-89585A8DC367}.Release|Any CPU.Build.0 = Release|Any CPU
		{0C4B122D-4A88-4180-BACC-DA1708C782EA}.Debug|Any CPU.ActiveCfg = Debug|Any CPU
		{0C4B122D-4A88-4180-BACC-DA1708C782EA}.Debug|Any CPU.Build.0 = Debug|Any CPU
		{0C4B122D-4A88-4180-BACC-DA1708C782EA}.Release|Any CPU.ActiveCfg = Release|Any CPU
		{0C4B122D-4A88-4180-BACC-DA1708C782EA}.Release|Any CPU.Build.0 = Release|Any CPU
	EndGlobalSection
	GlobalSection(SolutionProperties) = preSolution
		HideSolutionNode = FALSE
	EndGlobalSection
EndGlobal
